{
  "name": "beam-extension",
  "lockfileVersion": 3,
  "requires": true,
  "packages": {
    "": {
      "name": "beam-extension",
      "dependencies": {
        "libsodium-wrappers-sumo": "^0.8.2",
        "qrcode-generator": "^2.0.4"
      }
    },
    "node_modules/libsodium-sumo": {
      "version": "0.8.2",
      "resolved": "https://registry.npmjs.org/libsodium-sumo/-/libsodium-sumo-0.8.2.tgz",
      "integrity": "sha512-uMgnjphJ717jLN+jFG1HUgNrK/gOVVfaO1DGZ1Ig/fKLKLVhvaH/sM1I1v784JFvmkJDaczDpi7xSYC4Jvdo1Q==",
      "license": "ISC"
    },
    "node_modules/libsodium-wrappers-sumo": {
      "version": "0.8.2",
      "resolved": "https://registry.npmjs.org/libsodium-wrappers-sumo/-/libsodium-wrappers-sumo-0.8.2.tgz",
      "integrity": "sha512-wd1xAY++Kr6VMikSaa4EPRAHJmFvNlGWiiwU3Jh3GR1zRYF3/I3vy/wYsr4k3LVsNzwb9sqfEQ4LdVQ6zEebyQ==",
      "license": "ISC",
      "dependencies": {
        "libsodium-sumo": "^0.8.0"
      }
    },
    "node_modules/qrcode-generator": {
      "version": "2.0.4",
      "resolved": "https://registry.npmjs.org/qrcode-generator/-/qrcode-generator-2.0.4.tgz",
      "integrity": "sha512-mZSiP6RnbHl4xL2Ap5HfkjLnmxfKcPWpWe/c+5XxCuetEenqmNFf1FH/ftXPCtFG5/TDobjsjz6sSNL0Sr8Z9g==",
      "license": "MIT"
    }
  }
}
